
Microsoft Visual Studio Solution File, Format Version 12.00
# Visual Studio Version 17
VisualStudioVersion = 17.13.35818.85
MinimumVisualStudioVersion = 10.0.40219.1
Project("{FAE04EC0-301F-11D3-BF4B-00C04F79EFBC}") = "SecurePasswordApp", "SecurePasswordApp\SecurePasswordApp.csproj", "{C37798FD-33C3-4A7E-A0BE-2999D011E874}"
EndProject
Global
	GlobalSection(SolutionConfigurationPlatforms) = preSolution
		Debug|Any CPU = Debug|Any CPU
		Release|Any CPU = Release|Any CPU
	EndGlobalSection
	GlobalSection(ProjectConfigurationPlatforms) = postSolution
		{C37798FD-33C3-4A7E-A0BE-2999D011E874}.Debug|Any CPU.ActiveCfg = Debug|Any CPU
		{C37798FD-33C3-4A7E-A0BE-2999D011E874}.Debug|Any CPU.Build.0 = Debug|Any CPU
		{C37798FD-33C3-4A7E-A0BE-2999D011E874}.Release|Any CPU.ActiveCfg = Release|Any CPU
		{C37798FD-33C3-4A7E-A0BE-2999D011E874}.Release|Any CPU.Build.0 = Release|Any CPU
	EndGlobalSection
	GlobalSection(SolutionProperties) = preSolution
		HideSolutionNode = FALSE
	EndGlobalSection
	GlobalSection(ExtensibilityGlobals) = postSolution
		SolutionGuid = {48AF7D1F-4948-4081-9BBF-947536FD500A}
	EndGlobalSection
EndGlobal
